{
  "name": "test_cdate2",
  "version": "1.0.0",
  "lockfileVersion": 3,
  "requires": true,
  "packages": {
    "": {
      "name": "test_cdate2",
      "version": "1.0.0",
      "license": "ISC",
      "dependencies": {
        "cdate": "^0.0.6"
      }
    },
    "node_modules/cdate": {
      "version": "0.0.6",
      "resolved": "https://registry.npmjs.org/cdate/-/cdate-0.0.6.tgz",
      "integrity": "sha512-aB5QRt+f9rd/0CeKrFy+HHXeRTBd48A1l4Ct0rl3BGYcdgdcXZYu4bpYBcnQn3XdA6y0ZvmMW1HDq+GNGrEVJw=="
    }
  }
}
